# THIS IS AN AUTOGENERATED FILE. DO NOT EDIT THIS FILE DIRECTLY.
# yarn lockfile v1


"charenc@>= 0.0.1":
  "integrity" "sha1-wKHS86cJLgN3S/qD8UwPxXkKhmc="
  "resolved" "https://registry.npmjs.org/charenc/-/charenc-0.0.2.tgz"
  "version" "0.0.2"

"crypt@>= 0.0.1":
  "integrity" "sha1-iNf/fsDfuG9xPch7u0LQRNPmxBs="
  "resolved" "https://registry.npmjs.org/crypt/-/crypt-0.0.2.tgz"
  "version" "0.0.2"

"gif-encoder-2@^1.0.5":
  "integrity" "sha512-fsRAKbZuUoZ7FYGjpFElmflTkKwsn/CzAmL/xDl4558aTAgysIDCUF6AXWO8dmai/ApfZACbPVAM+vPezJXlFg=="
  "resolved" "https://registry.npmjs.org/gif-encoder-2/-/gif-encoder-2-1.0.5.tgz"
  "version" "1.0.5"

"sha1@^1.1.1":
  "integrity" "sha1-rdqnqTFo85PxnrKxUJFhjicA+Eg="
  "resolved" "https://registry.npmjs.org/sha1/-/sha1-1.1.1.tgz"
  "version" "1.1.1"
  dependencies:
    "charenc" ">= 0.0.1"
    "crypt" ">= 0.0.1"
